
Microsoft Visual Studio Solution File, Format Version 12.00
# Visual Studio Version 17
VisualStudioVersion = 17.14.36203.30
MinimumVisualStudioVersion = 10.0.40219.1
Project("{FAE04EC0-301F-11D3-BF4B-00C04F79EFBC}") = "ApplicationWebPortal", "ApplicationWebPortal.csproj", "{125AD7CD-4F76-4435-881D-94D50526858D}"
EndProject
Project("{2150E333-8FDC-42A3-9474-1A3956D46DE8}") = "DL", "DL", "{02EA681E-C7D8-13C7-8484-4AC65E1B71E8}"
EndProject
Project("{FAE04EC0-301F-11D3-BF4B-00C04F79EFBC}") = "DL_JobApplicationWebPortal", "..\DL_JobApplicationWebPortal\DL_JobApplicationWebPortal.csproj", "{1EEF29C5-61BB-4A40-99D7-3AE280FBE815}"
EndProject
Global
	GlobalSection(SolutionConfigurationPlatforms) = preSolution
		Debug|Any CPU = Debug|Any CPU
		Release|Any CPU = Release|Any CPU
	EndGlobalSection
	GlobalSection(ProjectConfigurationPlatforms) = postSolution
		{125AD7CD-4F76-4435-881D-94D50526858D}.Debug|Any CPU.ActiveCfg = Debug|Any CPU
		{125AD7CD-4F76-4435-881D-94D50526858D}.Debug|Any CPU.Build.0 = Debug|Any CPU
		{125AD7CD-4F76-4435-881D-94D50526858D}.Release|Any CPU.ActiveCfg = Release|Any CPU
		{125AD7CD-4F76-4435-881D-94D50526858D}.Release|Any CPU.Build.0 = Release|Any CPU
		{1EEF29C5-61BB-4A40-99D7-3AE280FBE815}.Debug|Any CPU.ActiveCfg = Debug|Any CPU
		{1EEF29C5-61BB-4A40-99D7-3AE280FBE815}.Debug|Any CPU.Build.0 = Debug|Any CPU
		{1EEF29C5-61BB-4A40-99D7-3AE280FBE815}.Release|Any CPU.ActiveCfg = Release|Any CPU
		{1EEF29C5-61BB-4A40-99D7-3AE280FBE815}.Release|Any CPU.Build.0 = Release|Any CPU
	EndGlobalSection
	GlobalSection(SolutionProperties) = preSolution
		HideSolutionNode = FALSE
	EndGlobalSection
	GlobalSection(NestedProjects) = preSolution
		{1EEF29C5-61BB-4A40-99D7-3AE280FBE815} = {02EA681E-C7D8-13C7-8484-4AC65E1B71E8}
	EndGlobalSection
	GlobalSection(ExtensibilityGlobals) = postSolution
		SolutionGuid = {846CEA03-1246-431A-B4CF-B04871DD7019}
	EndGlobalSection
EndGlobal
